
Microsoft Visual Studio Solution File, Format Version 12.00
# Visual Studio 15
Project("{FAE04EC0-301F-11D3-BF4B-00C04F79EFBC}") = "ViewFinder", "ViewFinder.csproj", "{1EB62F18-B92C-F2F6-5D50-9D3F0FDA652C}"
EndProject
Project("{FAE04EC0-301F-11D3-BF4B-00C04F79EFBC}") = "ViewFinder.Editor", "ViewFinder.Editor.csproj", "{C5315929-5B2A-2697-8E4D-7BC2511EE04E}"
EndProject
Global
	GlobalSection(SolutionConfigurationPlatforms) = preSolution
		Debug|Any CPU = Debug|Any CPU
		Release|Any CPU = Release|Any CPU
	EndGlobalSection
	GlobalSection(ProjectConfigurationPlatforms) = postSolution
		{1EB62F18-B92C-F2F6-5D50-9D3F0FDA652C}.Debug|Any CPU.ActiveCfg = Debug|Any CPU
		{1EB62F18-B92C-F2F6-5D50-9D3F0FDA652C}.Debug|Any CPU.Build.0 = Debug|Any CPU
		{1EB62F18-B92C-F2F6-5D50-9D3F0FDA652C}.Release|Any CPU.ActiveCfg = Release|Any CPU
		{1EB62F18-B92C-F2F6-5D50-9D3F0FDA652C}.Release|Any CPU.Build.0 = Release|Any CPU
		{C5315929-5B2A-2697-8E4D-7BC2511EE04E}.Debug|Any CPU.ActiveCfg = Debug|Any CPU
		{C5315929-5B2A-2697-8E4D-7BC2511EE04E}.Debug|Any CPU.Build.0 = Debug|Any CPU
		{C5315929-5B2A-2697-8E4D-7BC2511EE04E}.Release|Any CPU.ActiveCfg = Release|Any CPU
		{C5315929-5B2A-2697-8E4D-7BC2511EE04E}.Release|Any CPU.Build.0 = Release|Any CPU
	EndGlobalSection
	GlobalSection(SolutionProperties) = preSolution
		HideSolutionNode = FALSE
	EndGlobalSection
EndGlobal
